<?xml version="1.0" encoding="UTF-8" standalone="yes" ?>
<CodeBlocks_project_file>
	<FileVersion major="1" minor="6" />
	<Project>
		<Option title="autorpg" />
		<Option pch_mode="2" />
		<Option compiler="gcc" />
		<Build>
			<Target title="Debug">
				<Option output="bin/Debug/autorpg" prefix_auto="1" extension_auto="1" />
				<Option object_output="obj/Debug/" />
				<Option type="1" />
				<Option compiler="gcc" />
				<Compiler>
					<Add option="-g" />
				</Compiler>
			</Target>
			<Target title="Release">
				<Option output="bin/Release/autorpg" prefix_auto="1" extension_auto="1" />
				<Option object_output="obj/Release/" />
				<Option type="1" />
				<Option compiler="gcc" />
				<Compiler>
					<Add option="-O2" />
				</Compiler>
				<Linker>
					<Add option="-s" />
				</Linker>
			</Target>
		</Build>
		<Compiler>
			<Add option="-Wall" />
		</Compiler>
		<Unit filename="Animation.cpp" />
		<Unit filename="Animation.h" />
		<Unit filename="Background_Object.cpp" />
		<Unit filename="Background_Object.h" />
		<Unit filename="Character.cpp" />
		<Unit filename="Character.h" />
		<Unit filename="Dynamic_Object.cpp" />
		<Unit filename="Dynamic_Object.h" />
		<Unit filename="Graphics.cpp" />
		<Unit filename="Graphics.h" />
		<Unit filename="Interact_Object.cpp" />
		<Unit filename="Interact_Object.h" />
		<Unit filename="Point.cpp" />
		<Unit filename="Point.h" />
		<Unit filename="Torch.cpp" />
		<Unit filename="Torch.h" />
		<Unit filename="constants.h" />
		<Unit filename="main.cpp" />
		<Extensions>
			<envvars />
			<code_completion />
			<debugger />
			<lib_finder disable_auto="1" />
		</Extensions>
	</Project>
</CodeBlocks_project_file>
